
Microsoft Visual Studio Solution File, Format Version 12.00
# Visual Studio 15
VisualStudioVersion = 15.0.28010.0
MinimumVisualStudioVersion = 10.0.40219.1
Project("{FAE04EC0-301F-11D3-BF4B-00C04F79EFBC}") = "ComparatorFramework", "ComparatorFramework\ComparatorFramework.csproj", "{B1A4F0ED-944F-4A74-9173-4DDAC1EAF199}"
EndProject
Project("{FAE04EC0-301F-11D3-BF4B-00C04F79EFBC}") = "UnitTest", "UnitTest\UnitTest.csproj", "{DAB6D43F-84A2-45B0-9B03-66718FDE6F29}"
EndProject
Global
	GlobalSection(SolutionConfigurationPlatforms) = preSolution
		Debug|Any CPU = Debug|Any CPU
		Release|Any CPU = Release|Any CPU
	EndGlobalSection
	GlobalSection(ProjectConfigurationPlatforms) = postSolution
		{B1A4F0ED-944F-4A74-9173-4DDAC1EAF199}.Debug|Any CPU.ActiveCfg = Debug|Any CPU
		{B1A4F0ED-944F-4A74-9173-4DDAC1EAF199}.Debug|Any CPU.Build.0 = Debug|Any CPU
		{B1A4F0ED-944F-4A74-9173-4DDAC1EAF199}.Release|Any CPU.ActiveCfg = Release|Any CPU
		{B1A4F0ED-944F-4A74-9173-4DDAC1EAF199}.Release|Any CPU.Build.0 = Release|Any CPU
		{DAB6D43F-84A2-45B0-9B03-66718FDE6F29}.Debug|Any CPU.ActiveCfg = Debug|Any CPU
		{DAB6D43F-84A2-45B0-9B03-66718FDE6F29}.Debug|Any CPU.Build.0 = Debug|Any CPU
		{DAB6D43F-84A2-45B0-9B03-66718FDE6F29}.Release|Any CPU.ActiveCfg = Release|Any CPU
		{DAB6D43F-84A2-45B0-9B03-66718FDE6F29}.Release|Any CPU.Build.0 = Release|Any CPU
	EndGlobalSection
	GlobalSection(SolutionProperties) = preSolution
		HideSolutionNode = FALSE
	EndGlobalSection
	GlobalSection(ExtensibilityGlobals) = postSolution
		SolutionGuid = {CE091B53-D75D-4BBB-A88E-EB8DD6244A58}
	EndGlobalSection
EndGlobal
